[[package]]
name = "atk-sys"
version = "0.6.0"
source = "git+https://github.com/gtk-rs/sys#cdc7f613c2ed1e4f021a2c83d6f51469edc03eb1"
dependencies = [
 "glib-sys 0.6.0 (git+https://github.com/gtk-rs/sys)",
 "gobject-sys 0.6.0 (git+https://github.com/gtk-rs/sys)",
 "libc 0.2.42 (registry+https://github.com/rust-lang/crates.io-index)",
 "pkg-config 0.3.11 (registry+https://github.com/rust-lang/crates.io-index)",
]

[[package]]
name = "bitflags"
version = "1.0.3"
source = "registry+https://github.com/rust-lang/crates.io-index"

[[package]]
name = "byteorder"
version = "1.2.3"
source = "registry+https://github.com/rust-lang/crates.io-index"

[[package]]
name = "c_vec"
version = "1.2.1"
source = "registry+https://github.com/rust-lang/crates.io-index"

[[package]]
name = "cairo-rs"
version = "0.4.0"
source = "git+https://github.com/gtk-rs/cairo#63055928f7c15ee04775f0e14949922fcbfc03a0"
dependencies = [
 "c_vec 1.2.1 (registry+https://github.com/rust-lang/crates.io-index)",
 "cairo-sys-rs 0.6.0 (git+https://github.com/gtk-rs/cairo)",
 "glib 0.5.0 (git+https://github.com/gtk-rs/glib)",
 "glib-sys 0.6.0 (git+https://github.com/gtk-rs/sys)",
 "libc 0.2.42 (registry+https://github.com/rust-lang/crates.io-index)",
]

[[package]]
name = "cairo-sys-rs"
version = "0.6.0"
source = "git+https://github.com/gtk-rs/cairo#63055928f7c15ee04775f0e14949922fcbfc03a0"
dependencies = [
 "libc 0.2.42 (registry+https://github.com/rust-lang/crates.io-index)",
 "pkg-config 0.3.11 (registry+https://github.com/rust-lang/crates.io-index)",
 "winapi 0.3.5 (registry+https://github.com/rust-lang/crates.io-index)",
]

[[package]]
name = "cc"
version = "1.0.17"
source = "registry+https://github.com/rust-lang/crates.io-index"

[[package]]
name = "cfg-if"
version = "0.1.4"
source = "registry+https://github.com/rust-lang/crates.io-index"

[[package]]
name = "fragile"
version = "0.2.1"
source = "registry+https://github.com/rust-lang/crates.io-index"

[[package]]
name = "gdk"
version = "0.8.0"
source = "git+https://github.com/gtk-rs/gdk#c85b5dd402302c1d16df2ea1a3c6b57f524536a3"
dependencies = [
 "bitflags 1.0.3 (registry+https://github.com/rust-lang/crates.io-index)",
 "cairo-rs 0.4.0 (git+https://github.com/gtk-rs/cairo)",
 "cairo-sys-rs 0.6.0 (git+https://github.com/gtk-rs/cairo)",
 "gdk-pixbuf 0.4.0 (git+https://github.com/gtk-rs/gdk-pixbuf)",
 "gdk-sys 0.6.0 (git+https://github.com/gtk-rs/sys)",
 "gio 0.4.0 (git+https://github.com/gtk-rs/gio)",
 "glib 0.5.0 (git+https://github.com/gtk-rs/glib)",
 "glib-sys 0.6.0 (git+https://github.com/gtk-rs/sys)",
 "gobject-sys 0.6.0 (git+https://github.com/gtk-rs/sys)",
 "libc 0.2.42 (registry+https://github.com/rust-lang/crates.io-index)",
 "pango 0.4.0 (git+https://github.com/gtk-rs/pango)",
]

[[package]]
name = "gdk-pixbuf"
version = "0.4.0"
source = "git+https://github.com/gtk-rs/gdk-pixbuf#5cba35fd2d1d592b6626b31bfa2dc98b3f3c5056"
dependencies = [
 "gdk-pixbuf-sys 0.6.0 (git+https://github.com/gtk-rs/sys)",
 "gio 0.4.0 (git+https://github.com/gtk-rs/gio)",
 "gio-sys 0.6.0 (git+https://github.com/gtk-rs/sys)",
 "glib 0.5.0 (git+https://github.com/gtk-rs/glib)",
 "glib-sys 0.6.0 (git+https://github.com/gtk-rs/sys)",
 "gobject-sys 0.6.0 (git+https://github.com/gtk-rs/sys)",
 "libc 0.2.42 (registry+https://github.com/rust-lang/crates.io-index)",
]

[[package]]
name = "gdk-pixbuf-sys"
version = "0.6.0"
source = "git+https://github.com/gtk-rs/sys#cdc7f613c2ed1e4f021a2c83d6f51469edc03eb1"
dependencies = [
 "gio-sys 0.6.0 (git+https://github.com/gtk-rs/sys)",
 "glib-sys 0.6.0 (git+https://github.com/gtk-rs/sys)",
 "gobject-sys 0.6.0 (git+https://github.com/gtk-rs/sys)",
 "libc 0.2.42 (registry+https://github.com/rust-lang/crates.io-index)",
 "pkg-config 0.3.11 (registry+https://github.com/rust-lang/crates.io-index)",
]

[[package]]
name = "gdk-sys"
version = "0.6.0"
source = "git+https://github.com/gtk-rs/sys#cdc7f613c2ed1e4f021a2c83d6f51469edc03eb1"
dependencies = [
 "cairo-sys-rs 0.6.0 (git+https://github.com/gtk-rs/cairo)",
 "gdk-pixbuf-sys 0.6.0 (git+https://github.com/gtk-rs/sys)",
 "gio-sys 0.6.0 (git+https://github.com/gtk-rs/sys)",
 "glib-sys 0.6.0 (git+https://github.com/gtk-rs/sys)",
 "gobject-sys 0.6.0 (git+https://github.com/gtk-rs/sys)",
 "libc 0.2.42 (registry+https://github.com/rust-lang/crates.io-index)",
 "pango-sys 0.6.0 (git+https://github.com/gtk-rs/sys)",
 "pkg-config 0.3.11 (registry+https://github.com/rust-lang/crates.io-index)",
]

[[package]]
name = "gio"
version = "0.4.0"
source = "git+https://github.com/gtk-rs/gio#64480006336a8d6dc836fddca7b5fb6d79f1bba8"
dependencies = [
 "bitflags 1.0.3 (registry+https://github.com/rust-lang/crates.io-index)",
 "gio-sys 0.6.0 (git+https://github.com/gtk-rs/sys)",
 "glib 0.5.0 (git+https://github.com/gtk-rs/glib)",
 "glib-sys 0.6.0 (git+https://github.com/gtk-rs/sys)",
 "gobject-sys 0.6.0 (git+https://github.com/gtk-rs/sys)",
 "lazy_static 1.0.1 (registry+https://github.com/rust-lang/crates.io-index)",
 "libc 0.2.42 (registry+https://github.com/rust-lang/crates.io-index)",
 "send-cell 0.1.4 (registry+https://github.com/rust-lang/crates.io-index)",
]

[[package]]
name = "gio-sys"
version = "0.6.0"
source = "git+https://github.com/gtk-rs/sys#cdc7f613c2ed1e4f021a2c83d6f51469edc03eb1"
dependencies = [
 "glib-sys 0.6.0 (git+https://github.com/gtk-rs/sys)",
 "gobject-sys 0.6.0 (git+https://github.com/gtk-rs/sys)",
 "libc 0.2.42 (registry+https://github.com/rust-lang/crates.io-index)",
 "pkg-config 0.3.11 (registry+https://github.com/rust-lang/crates.io-index)",
]

[[package]]
name = "glib"
version = "0.5.0"
source = "git+https://github.com/gtk-rs/glib#a45a4976de05196b657bbbe15a50df0c9a79b196"
dependencies = [
 "bitflags 1.0.3 (registry+https://github.com/rust-lang/crates.io-index)",
 "glib-sys 0.6.0 (git+https://github.com/gtk-rs/sys)",
 "gobject-sys 0.6.0 (git+https://github.com/gtk-rs/sys)",
 "lazy_static 1.0.1 (registry+https://github.com/rust-lang/crates.io-index)",
 "libc 0.2.42 (registry+https://github.com/rust-lang/crates.io-index)",
]

[[package]]
name = "glib-sys"
version = "0.6.0"
source = "git+https://github.com/gtk-rs/sys#cdc7f613c2ed1e4f021a2c83d6f51469edc03eb1"
dependencies = [
 "libc 0.2.42 (registry+https://github.com/rust-lang/crates.io-index)",
 "pkg-config 0.3.11 (registry+https://github.com/rust-lang/crates.io-index)",
]

[[package]]
name = "gnvim"
version = "0.1.0"
dependencies = [
 "cairo-rs 0.4.0 (git+https://github.com/gtk-rs/cairo)",
 "gdk 0.8.0 (git+https://github.com/gtk-rs/gdk)",
 "gio 0.4.0 (git+https://github.com/gtk-rs/gio)",
 "glib 0.5.0 (git+https://github.com/gtk-rs/glib)",
 "gtk 0.4.0 (git+https://github.com/gtk-rs/gtk)",
 "neovim-lib 0.5.3 (git+https://github.com/vhakulinen/neovim-lib?branch=add-newgrid-external)",
 "pango 0.4.0 (git+https://github.com/gtk-rs/pango)",
 "pangocairo 0.5.0 (git+https://github.com/gtk-rs/pangocairo)",
]

[[package]]
name = "gobject-sys"
version = "0.6.0"
source = "git+https://github.com/gtk-rs/sys#cdc7f613c2ed1e4f021a2c83d6f51469edc03eb1"
dependencies = [
 "glib-sys 0.6.0 (git+https://github.com/gtk-rs/sys)",
 "libc 0.2.42 (registry+https://github.com/rust-lang/crates.io-index)",
 "pkg-config 0.3.11 (registry+https://github.com/rust-lang/crates.io-index)",
]

[[package]]
name = "gtk"
version = "0.4.0"
source = "git+https://github.com/gtk-rs/gtk#d7b3cdc6df764a07bdf1c9244ab9bba85a901261"
dependencies = [
 "bitflags 1.0.3 (registry+https://github.com/rust-lang/crates.io-index)",
 "cairo-rs 0.4.0 (git+https://github.com/gtk-rs/cairo)",
 "cairo-sys-rs 0.6.0 (git+https://github.com/gtk-rs/cairo)",
 "cc 1.0.17 (registry+https://github.com/rust-lang/crates.io-index)",
 "gdk 0.8.0 (git+https://github.com/gtk-rs/gdk)",
 "gdk-pixbuf 0.4.0 (git+https://github.com/gtk-rs/gdk-pixbuf)",
 "gdk-pixbuf-sys 0.6.0 (git+https://github.com/gtk-rs/sys)",
 "gdk-sys 0.6.0 (git+https://github.com/gtk-rs/sys)",
 "gio 0.4.0 (git+https://github.com/gtk-rs/gio)",
 "gio-sys 0.6.0 (git+https://github.com/gtk-rs/sys)",
 "glib 0.5.0 (git+https://github.com/gtk-rs/glib)",
 "glib-sys 0.6.0 (git+https://github.com/gtk-rs/sys)",
 "gobject-sys 0.6.0 (git+https://github.com/gtk-rs/sys)",
 "gtk-sys 0.6.0 (git+https://github.com/gtk-rs/sys)",
 "lazy_static 1.0.1 (registry+https://github.com/rust-lang/crates.io-index)",
 "libc 0.2.42 (registry+https://github.com/rust-lang/crates.io-index)",
 "pango 0.4.0 (git+https://github.com/gtk-rs/pango)",
]

[[package]]
name = "gtk-sys"
version = "0.6.0"
source = "git+https://github.com/gtk-rs/sys#cdc7f613c2ed1e4f021a2c83d6f51469edc03eb1"
dependencies = [
 "atk-sys 0.6.0 (git+https://github.com/gtk-rs/sys)",
 "cairo-sys-rs 0.6.0 (git+https://github.com/gtk-rs/cairo)",
 "gdk-pixbuf-sys 0.6.0 (git+https://github.com/gtk-rs/sys)",
 "gdk-sys 0.6.0 (git+https://github.com/gtk-rs/sys)",
 "gio-sys 0.6.0 (git+https://github.com/gtk-rs/sys)",
 "glib-sys 0.6.0 (git+https://github.com/gtk-rs/sys)",
 "gobject-sys 0.6.0 (git+https://github.com/gtk-rs/sys)",
 "libc 0.2.42 (registry+https://github.com/rust-lang/crates.io-index)",
 "pango-sys 0.6.0 (git+https://github.com/gtk-rs/sys)",
 "pkg-config 0.3.11 (registry+https://github.com/rust-lang/crates.io-index)",
]

[[package]]
name = "lazy_static"
version = "1.0.1"
source = "registry+https://github.com/rust-lang/crates.io-index"

[[package]]
name = "libc"
version = "0.2.42"
source = "registry+https://github.com/rust-lang/crates.io-index"

[[package]]
name = "log"
version = "0.4.3"
source = "registry+https://github.com/rust-lang/crates.io-index"
dependencies = [
 "cfg-if 0.1.4 (registry+https://github.com/rust-lang/crates.io-index)",
]

[[package]]
name = "neovim-lib"
version = "0.5.3"
source = "git+https://github.com/vhakulinen/neovim-lib?branch=add-newgrid-external#a86e35feaa5658b135761b618d938e57faa202a8"
dependencies = [
 "log 0.4.3 (registry+https://github.com/rust-lang/crates.io-index)",
 "rmp 0.8.7 (registry+https://github.com/rust-lang/crates.io-index)",
 "rmpv 0.4.0 (registry+https://github.com/rust-lang/crates.io-index)",
 "unix_socket 0.5.0 (registry+https://github.com/rust-lang/crates.io-index)",
]

[[package]]
name = "num-traits"
version = "0.1.43"
source = "registry+https://github.com/rust-lang/crates.io-index"
dependencies = [
 "num-traits 0.2.5 (registry+https://github.com/rust-lang/crates.io-index)",
]

[[package]]
name = "num-traits"
version = "0.2.5"
source = "registry+https://github.com/rust-lang/crates.io-index"

[[package]]
name = "pango"
version = "0.4.0"
source = "git+https://github.com/gtk-rs/pango#499230c0c17ce3464a3ef7cc580ac12f4ab29427"
dependencies = [
 "bitflags 1.0.3 (registry+https://github.com/rust-lang/crates.io-index)",
 "glib 0.5.0 (git+https://github.com/gtk-rs/glib)",
 "glib-sys 0.6.0 (git+https://github.com/gtk-rs/sys)",
 "gobject-sys 0.6.0 (git+https://github.com/gtk-rs/sys)",
 "lazy_static 1.0.1 (registry+https://github.com/rust-lang/crates.io-index)",
 "libc 0.2.42 (registry+https://github.com/rust-lang/crates.io-index)",
 "pango-sys 0.6.0 (git+https://github.com/gtk-rs/sys)",
]

[[package]]
name = "pango-sys"
version = "0.6.0"
source = "git+https://github.com/gtk-rs/sys#cdc7f613c2ed1e4f021a2c83d6f51469edc03eb1"
dependencies = [
 "glib-sys 0.6.0 (git+https://github.com/gtk-rs/sys)",
 "gobject-sys 0.6.0 (git+https://github.com/gtk-rs/sys)",
 "libc 0.2.42 (registry+https://github.com/rust-lang/crates.io-index)",
 "pkg-config 0.3.11 (registry+https://github.com/rust-lang/crates.io-index)",
]

[[package]]
name = "pangocairo"
version = "0.5.0"
source = "git+https://github.com/gtk-rs/pangocairo#250a8b2a29fbd968cf95bf16ebe8e1c88e36cc3a"
dependencies = [
 "bitflags 1.0.3 (registry+https://github.com/rust-lang/crates.io-index)",
 "cairo-rs 0.4.0 (git+https://github.com/gtk-rs/cairo)",
 "cairo-sys-rs 0.6.0 (git+https://github.com/gtk-rs/cairo)",
 "glib 0.5.0 (git+https://github.com/gtk-rs/glib)",
 "glib-sys 0.6.0 (git+https://github.com/gtk-rs/sys)",
 "gobject-sys 0.6.0 (git+https://github.com/gtk-rs/sys)",
 "libc 0.2.42 (registry+https://github.com/rust-lang/crates.io-index)",
 "pango 0.4.0 (git+https://github.com/gtk-rs/pango)",
 "pango-sys 0.6.0 (git+https://github.com/gtk-rs/sys)",
 "pangocairo-sys 0.7.0 (git+https://github.com/gtk-rs/sys)",
]

[[package]]
name = "pangocairo-sys"
version = "0.7.0"
source = "git+https://github.com/gtk-rs/sys#cdc7f613c2ed1e4f021a2c83d6f51469edc03eb1"
dependencies = [
 "cairo-sys-rs 0.6.0 (git+https://github.com/gtk-rs/cairo)",
 "glib-sys 0.6.0 (git+https://github.com/gtk-rs/sys)",
 "libc 0.2.42 (registry+https://github.com/rust-lang/crates.io-index)",
 "pango-sys 0.6.0 (git+https://github.com/gtk-rs/sys)",
 "pkg-config 0.3.11 (registry+https://github.com/rust-lang/crates.io-index)",
]

[[package]]
name = "pkg-config"
version = "0.3.11"
source = "registry+https://github.com/rust-lang/crates.io-index"

[[package]]
name = "rmp"
version = "0.8.7"
source = "registry+https://github.com/rust-lang/crates.io-index"
dependencies = [
 "byteorder 1.2.3 (registry+https://github.com/rust-lang/crates.io-index)",
 "num-traits 0.1.43 (registry+https://github.com/rust-lang/crates.io-index)",
]

[[package]]
name = "rmpv"
version = "0.4.0"
source = "registry+https://github.com/rust-lang/crates.io-index"
dependencies = [
 "num-traits 0.1.43 (registry+https://github.com/rust-lang/crates.io-index)",
 "rmp 0.8.7 (registry+https://github.com/rust-lang/crates.io-index)",
 "serde 1.0.69 (registry+https://github.com/rust-lang/crates.io-index)",
 "serde_bytes 0.10.4 (registry+https://github.com/rust-lang/crates.io-index)",
]

[[package]]
name = "send-cell"
version = "0.1.4"
source = "registry+https://github.com/rust-lang/crates.io-index"
dependencies = [
 "fragile 0.2.1 (registry+https://github.com/rust-lang/crates.io-index)",
]

[[package]]
name = "serde"
version = "1.0.69"
source = "registry+https://github.com/rust-lang/crates.io-index"

[[package]]
name = "serde_bytes"
version = "0.10.4"
source = "registry+https://github.com/rust-lang/crates.io-index"
dependencies = [
 "serde 1.0.69 (registry+https://github.com/rust-lang/crates.io-index)",
]

[[package]]
name = "unix_socket"
version = "0.5.0"
source = "registry+https://github.com/rust-lang/crates.io-index"
dependencies = [
 "cfg-if 0.1.4 (registry+https://github.com/rust-lang/crates.io-index)",
 "libc 0.2.42 (registry+https://github.com/rust-lang/crates.io-index)",
]

[[package]]
name = "winapi"
version = "0.3.5"
source = "registry+https://github.com/rust-lang/crates.io-index"
dependencies = [
 "winapi-i686-pc-windows-gnu 0.4.0 (registry+https://github.com/rust-lang/crates.io-index)",
 "winapi-x86_64-pc-windows-gnu 0.4.0 (registry+https://github.com/rust-lang/crates.io-index)",
]

[[package]]
name = "winapi-i686-pc-windows-gnu"
version = "0.4.0"
source = "registry+https://github.com/rust-lang/crates.io-index"

[[package]]
name = "winapi-x86_64-pc-windows-gnu"
version = "0.4.0"
source = "registry+https://github.com/rust-lang/crates.io-index"

[metadata]
"checksum atk-sys 0.6.0 (git+https://github.com/gtk-rs/sys)" = "<none>"
"checksum bitflags 1.0.3 (registry+https://github.com/rust-lang/crates.io-index)" = "d0c54bb8f454c567f21197eefcdbf5679d0bd99f2ddbe52e84c77061952e6789"
"checksum byteorder 1.2.3 (registry+https://github.com/rust-lang/crates.io-index)" = "74c0b906e9446b0a2e4f760cdb3fa4b2c48cdc6db8766a845c54b6ff063fd2e9"
"checksum c_vec 1.2.1 (registry+https://github.com/rust-lang/crates.io-index)" = "6237ac5a4b1e81c213c24c6437964c61e646df910a914b4ab1487b46df20bd13"
"checksum cairo-rs 0.4.0 (git+https://github.com/gtk-rs/cairo)" = "<none>"
"checksum cairo-sys-rs 0.6.0 (git+https://github.com/gtk-rs/cairo)" = "<none>"
"checksum cc 1.0.17 (registry+https://github.com/rust-lang/crates.io-index)" = "49ec142f5768efb5b7622aebc3fdbdbb8950a4b9ba996393cb76ef7466e8747d"
"checksum cfg-if 0.1.4 (registry+https://github.com/rust-lang/crates.io-index)" = "efe5c877e17a9c717a0bf3613b2709f723202c4e4675cc8f12926ded29bcb17e"
"checksum fragile 0.2.1 (registry+https://github.com/rust-lang/crates.io-index)" = "2ff777830a3bf2d15c62c51a5075bc928d912784c73303db630eecadba9cb5fc"
"checksum gdk 0.8.0 (git+https://github.com/gtk-rs/gdk)" = "<none>"
"checksum gdk-pixbuf 0.4.0 (git+https://github.com/gtk-rs/gdk-pixbuf)" = "<none>"
"checksum gdk-pixbuf-sys 0.6.0 (git+https://github.com/gtk-rs/sys)" = "<none>"
"checksum gdk-sys 0.6.0 (git+https://github.com/gtk-rs/sys)" = "<none>"
"checksum gio 0.4.0 (git+https://github.com/gtk-rs/gio)" = "<none>"
"checksum gio-sys 0.6.0 (git+https://github.com/gtk-rs/sys)" = "<none>"
"checksum glib 0.5.0 (git+https://github.com/gtk-rs/glib)" = "<none>"
"checksum glib-sys 0.6.0 (git+https://github.com/gtk-rs/sys)" = "<none>"
"checksum gobject-sys 0.6.0 (git+https://github.com/gtk-rs/sys)" = "<none>"
"checksum gtk 0.4.0 (git+https://github.com/gtk-rs/gtk)" = "<none>"
"checksum gtk-sys 0.6.0 (git+https://github.com/gtk-rs/sys)" = "<none>"
"checksum lazy_static 1.0.1 (registry+https://github.com/rust-lang/crates.io-index)" = "e6412c5e2ad9584b0b8e979393122026cdd6d2a80b933f890dcd694ddbe73739"
"checksum libc 0.2.42 (registry+https://github.com/rust-lang/crates.io-index)" = "b685088df2b950fccadf07a7187c8ef846a959c142338a48f9dc0b94517eb5f1"
"checksum log 0.4.3 (registry+https://github.com/rust-lang/crates.io-index)" = "61bd98ae7f7b754bc53dca7d44b604f733c6bba044ea6f41bc8d89272d8161d2"
"checksum neovim-lib 0.5.3 (git+https://github.com/vhakulinen/neovim-lib?branch=add-newgrid-external)" = "<none>"
"checksum num-traits 0.1.43 (registry+https://github.com/rust-lang/crates.io-index)" = "92e5113e9fd4cc14ded8e499429f396a20f98c772a47cc8622a736e1ec843c31"
"checksum num-traits 0.2.5 (registry+https://github.com/rust-lang/crates.io-index)" = "630de1ef5cc79d0cdd78b7e33b81f083cbfe90de0f4b2b2f07f905867c70e9fe"
"checksum pango 0.4.0 (git+https://github.com/gtk-rs/pango)" = "<none>"
"checksum pango-sys 0.6.0 (git+https://github.com/gtk-rs/sys)" = "<none>"
"checksum pangocairo 0.5.0 (git+https://github.com/gtk-rs/pangocairo)" = "<none>"
"checksum pangocairo-sys 0.7.0 (git+https://github.com/gtk-rs/sys)" = "<none>"
"checksum pkg-config 0.3.11 (registry+https://github.com/rust-lang/crates.io-index)" = "110d5ee3593dbb73f56294327fe5668bcc997897097cbc76b51e7aed3f52452f"
"checksum rmp 0.8.7 (registry+https://github.com/rust-lang/crates.io-index)" = "a3d45d7afc9b132b34a2479648863aa95c5c88e98b32285326a6ebadc80ec5c9"
"checksum rmpv 0.4.0 (registry+https://github.com/rust-lang/crates.io-index)" = "29af0205707de955a396a1d3c657677c65f791ebabb63c0596c0b2fec0bf6325"
"checksum send-cell 0.1.4 (registry+https://github.com/rust-lang/crates.io-index)" = "369add9433969659158b4bcc0c471c183889565a00c426f4d1d5447efe17f401"
"checksum serde 1.0.69 (registry+https://github.com/rust-lang/crates.io-index)" = "210e5a3b159c566d7527e9b22e44be73f2e0fcc330bb78fef4dbccb56d2e74c8"
"checksum serde_bytes 0.10.4 (registry+https://github.com/rust-lang/crates.io-index)" = "adb6e51a6b3696b301bc221d785f898b4457c619b51d7ce195a6d20baecb37b3"
"checksum unix_socket 0.5.0 (registry+https://github.com/rust-lang/crates.io-index)" = "6aa2700417c405c38f5e6902d699345241c28c0b7ade4abaad71e35a87eb1564"
"checksum winapi 0.3.5 (registry+https://github.com/rust-lang/crates.io-index)" = "773ef9dcc5f24b7d850d0ff101e542ff24c3b090a9768e03ff889fdef41f00fd"
"checksum winapi-i686-pc-windows-gnu 0.4.0 (registry+https://github.com/rust-lang/crates.io-index)" = "ac3b87c63620426dd9b991e5ce0329eff545bccbbb34f3be09ff6fb6ab51b7b6"
"checksum winapi-x86_64-pc-windows-gnu 0.4.0 (registry+https://github.com/rust-lang/crates.io-index)" = "712e227841d057c1ee1cd2fb22fa7e5a5461ae8e48fa2ca79ec42cfc1931183f"
